// !$*UTF8*$!
{
	archiveVersion = 1;
	classes = {
	};
	objectVersion = 46;
	objects = {

/* Begin PBXBuildFile section */
		924C4C051C337AC9005EF1E9 /* main.m in Sources */ = {isa = PBXBuildFile; fileRef = 924C4C041C337AC9005EF1E9 /* main.m */; };
		924C4C081C337AC9005EF1E9 /* AppDelegate.m in Sources */ = {isa = PBXBuildFile; fileRef = 924C4C071C337AC9005EF1E9 /* AppDelegate.m */; };
		924C4C0B1C337AC9005EF1E9 /* ViewController.m in Sources */ = {isa = PBXBuildFile; fileRef = 924C4C0A1C337AC9005EF1E9 /* ViewController.m */; };
		924C4C0E1C337AC9005EF1E9 /* Main.storyboard in Resources */ = {isa = PBXBuildFile; fileRef = 924C4C0C1C337AC9005EF1E9 /* Main.storyboard */; };
		924C4C101C337AC9005EF1E9 /* Assets.xcassets in Resources */ = {isa = PBXBuildFile; fileRef = 924C4C0F1C337AC9005EF1E9 /* Assets.xcassets */; };
		924C4C131C337AC9005EF1E9 /* LaunchScreen.storyboard in Resources */ = {isa = PBXBuildFile; fileRef = 924C4C111C337AC9005EF1E9 /* LaunchScreen.storyboard */; };
		924C4C1E1C337AC9005EF1E9 /* FastPropertyDemo1230Tests.m in Sources */ = {isa = PBXBuildFile; fileRef = 924C4C1D1C337AC9005EF1E9 /* FastPropertyDemo1230Tests.m */; };
		924C4C291C337AC9005EF1E9 /* FastPropertyDemo1230UITests.m in Sources */ = {isa = PBXBuildFile; fileRef = 924C4C281C337AC9005EF1E9 /* FastPropertyDemo1230UITests.m */; };
		924C4C381C337B08005EF1E9 /* People.m in Sources */ = {isa = PBXBuildFile; fileRef = 924C4C371C337B08005EF1E9 /* People.m */; };
/* End PBXBuildFile section */

/* Begin PBXContainerItemProxy section */
		924C4C1A1C337AC9005EF1E9 /* PBXContainerItemProxy */ = {
			isa = PBXContainerItemProxy;
			containerPortal = 924C4BF81C337AC9005EF1E9 /* Project object */;
			proxyType = 1;
			remoteGlobalIDString = 924C4BFF1C337AC9005EF1E9;
			remoteInfo = FastPropertyDemo1230;
		};
		924C4C251C337AC9005EF1E9 /* PBXContainerItemProxy */ = {
			isa = PBXContainerItemProxy;
			containerPortal = 924C4BF81C337AC9005EF1E9 /* Project object */;
			proxyType = 1;
			remoteGlobalIDString = 924C4BFF1C337AC9005EF1E9;
			remoteInfo = FastPropertyDemo1230;
		};
/* End PBXContainerItemProxy section */

/* Begin PBXFileReference section */
		924C4C001C337AC9005EF1E9 /* FastPropertyDemo1230.app */ = {isa = PBXFileReference; explicitFileType = wrapper.application; includeInIndex = 0; path = FastPropertyDemo1230.app; sourceTree = BUILT_PRODUCTS_DIR; };
		924C4C041C337AC9005EF1E9 /* main.m */ = {isa = PBXFileReference; lastKnownFileType = sourcecode.c.objc; path = main.m; sourceTree = "<group>"; };
		924C4C061C337AC9005EF1E9 /* AppDelegate.h */ = {isa = PBXFileReference; lastKnownFileType = sourcecode.c.h; path = AppDelegate.h; sourceTree = "<group>"; };
		924C4C071C337AC9005EF1E9 /* AppDelegate.m */ = {isa = PBXFileReference; lastKnownFileType = sourcecode.c.objc; path = AppDelegate.m; sourceTree = "<group>"; };
		924C4C091C337AC9005EF1E9 /* ViewController.h */ = {isa = PBXFileReference; lastKnownFileType = sourcecode.c.h; path = ViewController.h; sourceTree = "<group>"; };
		924C4C0A1C337AC9005EF1E9 /* ViewController.m */ = {isa = PBXFileReference; lastKnownFileType = sourcecode.c.objc; path = ViewController.m; sourceTree = "<group>"; };
		924C4C0D1C337AC9005EF1E9 /* Base */ = {isa = PBXFileReference; lastKnownFileType = file.storyboard; name = Base; path = Base.lproj/Main.storyboard; sourceTree = "<group>"; };
		924C4C0F1C337AC9005EF1E9 /* Assets.xcassets */ = {isa = PBXFileReference; lastKnownFileType = folder.assetcatalog; path = Assets.xcassets; sourceTree = "<group>"; };
		924C4C121C337AC9005EF1E9 /* Base */ = {isa = PBXFileReference; lastKnownFileType = file.storyboard; name = Base; path = Base.lproj/LaunchScreen.storyboard; sourceTree = "<group>"; };
		924C4C141C337AC9005EF1E9 /* Info.plist */ = {isa = PBXFileReference; lastKnownFileType = text.plist.xml; path = Info.plist; sourceTree = "<group>"; };
		924C4C191C337AC9005EF1E9 /* FastPropertyDemo1230Tests.xctest */ = {isa = PBXFileReference; explicitFileType = wrapper.cfbundle; includeInIndex = 0; path = FastPropertyDemo1230Tests.xctest; sourceTree = BUILT_PRODUCTS_DIR; };
		924C4C1D1C337AC9005EF1E9 /* FastPropertyDemo1230Tests.m */ = {isa = PBXFileReference; lastKnownFileType = sourcecode.c.objc; path = FastPropertyDemo1230Tests.m; sourceTree = "<group>"; };
		924C4C1F1C337AC9005EF1E9 /* Info.plist */ = {isa = PBXFileReference; lastKnownFileType = text.plist.xml; path = Info.plist; sourceTree = "<group>"; };
		924C4C241C337AC9005EF1E9 /* FastPropertyDemo1230UITests.xctest */ = {isa = PBXFileReference; explicitFileType = wrapper.cfbundle; includeInIndex = 0; path = FastPropertyDemo1230UITests.xctest; sourceTree = BUILT_PRODUCTS_DIR; };
		924C4C281C337AC9005EF1E9 /* FastPropertyDemo1230UITests.m */ = {isa = PBXFileReference; lastKnownFileType = sourcecode.c.objc; path = FastPropertyDemo1230UITests.m; sourceTree = "<group>"; };
		924C4C2A1C337AC9005EF1E9 /* Info.plist */ = {isa = PBXFileReference; lastKnownFileType = text.plist.xml; path = Info.plist; sourceTree = "<group>"; };
		924C4C361C337B08005EF1E9 /* People.h */ = {isa = PBXFileReference; fileEncoding = 4; lastKnownFileType = sourcecode.c.h; path = People.h; sourceTree = "<group>"; };
		924C4C371C337B08005EF1E9 /* People.m */ = {isa = PBXFileReference; fileEncoding = 4; lastKnownFileType = sourcecode.c.objc; path = People.m; sourceTree = "<group>"; };
/* End PBXFileReference section */

/* Begin PBXFrameworksBuildPhase section */
		924C4BFD1C337AC9005EF1E9 /* Frameworks */ = {
			isa = PBXFrameworksBuildPhase;
			buildActionMask = 2147483647;
			files = (
			);
			runOnlyForDeploymentPostprocessing = 0;
		};
		924C4C161C337AC9005EF1E9 /* Frameworks */ = {
			isa = PBXFrameworksBuildPhase;
			buildActionMask = 2147483647;
			files = (
			);
			runOnlyForDeploymentPostprocessing = 0;
		};
		924C4C211C337AC9005EF1E9 /* Frameworks */ = {
			isa = PBXFrameworksBuildPhase;
			buildActionMask = 2147483647;
			files = (
			);
			runOnlyForDeploymentPostprocessing = 0;
		};
/* End PBXFrameworksBuildPhase section */

/* Begin PBXGroup section */
		924C4BF71C337AC9005EF1E9 = {
			isa = PBXGroup;
			children = (
				924C4C361C337B08005EF1E9 /* People.h */,
				924C4C371C337B08005EF1E9 /* People.m */,
				924C4C021C337AC9005EF1E9 /* FastPropertyDemo1230 */,
				924C4C1C1C337AC9005EF1E9 /* FastPropertyDemo1230Tests */,
				924C4C271C337AC9005EF1E9 /* FastPropertyDemo1230UITests */,
				924C4C011C337AC9005EF1E9 /* Products */,
			);
			sourceTree = "<group>";
		};
		924C4C011C337AC9005EF1E9 /* Products */ = {
			isa = PBXGroup;
			children = (
				924C4C001C337AC9005EF1E9 /* FastPropertyDemo1230.app */,
				924C4C191C337AC9005EF1E9 /* FastPropertyDemo1230Tests.xctest */,
				924C4C241C337AC9005EF1E9 /* FastPropertyDemo1230UITests.xctest */,
			);
			name = Products;
			sourceTree = "<group>";
		};
		924C4C021C337AC9005EF1E9 /* FastPropertyDemo1230 */ = {
			isa = PBXGroup;
			children = (
				924C4C061C337AC9005EF1E9 /* AppDelegate.h */,
				924C4C071C337AC9005EF1E9 /* AppDelegate.m */,
				924C4C091C337AC9005EF1E9 /* ViewController.h */,
				924C4C0A1C337AC9005EF1E9 /* ViewController.m */,
				924C4C0C1C337AC9005EF1E9 /* Main.storyboard */,
				924C4C0F1C337AC9005EF1E9 /* Assets.xcassets */,
				924C4C111C337AC9005EF1E9 /* LaunchScreen.storyboard */,
				924C4C141C337AC9005EF1E9 /* Info.plist */,
				924C4C031C337AC9005EF1E9 /* Supporting Files */,
			);
			path = FastPropertyDemo1230;
			sourceTree = "<group>";
		};
		924C4C031C337AC9005EF1E9 /* Supporting Files */ = {
			isa = PBXGroup;
			children = (
				924C4C041C337AC9005EF1E9 /* main.m */,
			);
			name = "Supporting Files";
			sourceTree = "<group>";
		};
		924C4C1C1C337AC9005EF1E9 /* FastPropertyDemo1230Tests */ = {
			isa = PBXGroup;
			children = (
				924C4C1D1C337AC9005EF1E9 /* FastPropertyDemo1230Tests.m */,
				924C4C1F1C337AC9005EF1E9 /* Info.plist */,
			);
			path = FastPropertyDemo1230Tests;
			sourceTree = "<group>";
		};
		924C4C271C337AC9005EF1E9 /* FastPropertyDemo1230UITests */ = {
			isa = PBXGroup;
			children = (
				924C4C281C337AC9005EF1E9 /* FastPropertyDemo1230UITests.m */,
				924C4C2A1C337AC9005EF1E9 /* Info.plist */,
			);
			path = FastPropertyDemo1230UITests;
			sourceTree = "<group>";
		};
/* End PBXGroup section */

/* Begin PBXNativeTarget section */
		924C4BFF1C337AC9005EF1E9 /* FastPropertyDemo1230 */ = {
			isa = PBXNativeTarget;
			buildConfigurationList = 924C4C2D1C337AC9005EF1E9 /* Build configuration list for PBXNativeTarget "FastPropertyDemo1230" */;
			buildPhases = (
				924C4BFC1C337AC9005EF1E9 /* Sources */,
				924C4BFD1C337AC9005EF1E9 /* Frameworks */,
				924C4BFE1C337AC9005EF1E9 /* Resources */,
			);
			buildRules = (
			);
			dependencies = (
			);
			name = FastPropertyDemo1230;
			productName = FastPropertyDemo1230;
			productReference = 924C4C001C337AC9005EF1E9 /* FastPropertyDemo1230.app */;
			productType = "com.apple.product-type.application";
		};
		924C4C181C337AC9005EF1E9 /* FastPropertyDemo1230Tests */ = {
			isa = PBXNativeTarget;
			buildConfigurationList = 924C4C301C337AC9005EF1E9 /* Build configuration list for PBXNativeTarget "FastPropertyDemo1230Tests" */;
			buildPhases = (
				924C4C151C337AC9005EF1E9 /* Sources */,
				924C4C161C337AC9005EF1E9 /* Frameworks */,
				924C4C171C337AC9005EF1E9 /* Resources */,
			);
			buildRules = (
			);
			dependencies = (
				924C4C1B1C337AC9005EF1E9 /* PBXTargetDependency */,
			);
			name = FastPropertyDemo1230Tests;
			productName = FastPropertyDemo1230Tests;
			productReference = 924C4C191C337AC9005EF1E9 /* FastPropertyDemo1230Tests.xctest */;
			productType = "com.apple.product-type.bundle.unit-test";
		};
		924C4C231C337AC9005EF1E9 /* FastPropertyDemo1230UITests */ = {
			isa = PBXNativeTarget;
			buildConfigurationList = 924C4C331C337AC9005EF1E9 /* Build configuration list for PBXNativeTarget "FastPropertyDemo1230UITests" */;
			buildPhases = (
				924C4C201C337AC9005EF1E9 /* Sources */,
				924C4C211C337AC9005EF1E9 /* Frameworks */,
				924C4C221C337AC9005EF1E9 /* Resources */,
			);
			buildRules = (
			);
			dependencies = (
				924C4C261C337AC9005EF1E9 /* PBXTargetDependency */,
			);
			name = FastPropertyDemo1230UITests;
			productName = FastPropertyDemo1230UITests;
			productReference = 924C4C241C337AC9005EF1E9 /* FastPropertyDemo1230UITests.xctest */;
			productType = "com.apple.product-type.bundle.ui-testing";
		};
/* End PBXNativeTarget section */

/* Begin PBXProject section */
		924C4BF81C337AC9005EF1E9 /* Project object */ = {
			isa = PBXProject;
			attributes = {
				LastUpgradeCheck = 0710;
				ORGANIZATIONNAME = IT;
				TargetAttributes = {
					924C4BFF1C337AC9005EF1E9 = {
						CreatedOnToolsVersion = 7.1.1;
					};
					924C4C181C337AC9005EF1E9 = {
						CreatedOnToolsVersion = 7.1.1;
						TestTargetID = 924C4BFF1C337AC9005EF1E9;
					};
					924C4C231C337AC9005EF1E9 = {
						CreatedOnToolsVersion = 7.1.1;
						TestTargetID = 924C4BFF1C337AC9005EF1E9;
					};
				};
			};
			buildConfigurationList = 924C4BFB1C337AC9005EF1E9 /* Build configuration list for PBXProject "FastPropertyDemo1230" */;
			compatibilityVersion = "Xcode 3.2";
			developmentRegion = English;
			hasScannedForEncodings = 0;
			knownRegions = (
				en,
				Base,
			);
			mainGroup = 924C4BF71C337AC9005EF1E9;
			productRefGroup = 924C4C011C337AC9005EF1E9 /* Products */;
			projectDirPath = "";
			projectRoot = "";
			targets = (
				924C4BFF1C337AC9005EF1E9 /* FastPropertyDemo1230 */,
				924C4C181C337AC9005EF1E9 /* FastPropertyDemo1230Tests */,
				924C4C231C337AC9005EF1E9 /* FastPropertyDemo1230UITests */,
			);
		};
/* End PBXProject section */

/* Begin PBXResourcesBuildPhase section */
		924C4BFE1C337AC9005EF1E9 /* Resources */ = {
			isa = PBXResourcesBuildPhase;
			buildActionMask = 2147483647;
			files = (
				924C4C131C337AC9005EF1E9 /* LaunchScreen.storyboard in Resources */,
				924C4C101C337AC9005EF1E9 /* Assets.xcassets in Resources */,
				924C4C0E1C337AC9005EF1E9 /* Main.storyboard in Resources */,
			);
			runOnlyForDeploymentPostprocessing = 0;
		};
		924C4C171C337AC9005EF1E9 /* Resources */ = {
			isa = PBXResourcesBuildPhase;
			buildActionMask = 2147483647;
			files = (
			);
			runOnlyForDeploymentPostprocessing = 0;
		};
		924C4C221C337AC9005EF1E9 /* Resources */ = {
			isa = PBXResourcesBuildPhase;
			buildActionMask = 2147483647;
			files = (
			);
			runOnlyForDeploymentPostprocessing = 0;
		};
/* End PBXResourcesBuildPhase section */

/* Begin PBXSourcesBuildPhase section */
		924C4BFC1C337AC9005EF1E9 /* Sources */ = {
			isa = PBXSourcesBuildPhase;
			buildActionMask = 2147483647;
			files = (
				924C4C381C337B08005EF1E9 /* People.m in Sources */,
				924C4C0B1C337AC9005EF1E9 /* ViewController.m in Sources */,
				924C4C081C337AC9005EF1E9 /* AppDelegate.m in Sources */,
				924C4C051C337AC9005EF1E9 /* main.m in Sources */,
			);
			runOnlyForDeploymentPostprocessing = 0;
		};
		924C4C151C337AC9005EF1E9 /* Sources */ = {
			isa = PBXSourcesBuildPhase;
			buildActionMask = 2147483647;
			files = (
				924C4C1E1C337AC9005EF1E9 /* FastPropertyDemo1230Tests.m in Sources */,
			);
			runOnlyForDeploymentPostprocessing = 0;
		};
		924C4C201C337AC9005EF1E9 /* Sources */ = {
			isa = PBXSourcesBuildPhase;
			buildActionMask = 2147483647;
			files = (
				924C4C291C337AC9005EF1E9 /* FastPropertyDemo1230UITests.m in Sources */,
			);
			runOnlyForDeploymentPostprocessing = 0;
		};
/* End PBXSourcesBuildPhase section */

/* Begin PBXTargetDependency section */
		924C4C1B1C337AC9005EF1E9 /* PBXTargetDependency */ = {
			isa = PBXTargetDependency;
			target = 924C4BFF1C337AC9005EF1E9 /* FastPropertyDemo1230 */;
			targetProxy = 924C4C1A1C337AC9005EF1E9 /* PBXContainerItemProxy */;
		};
		924C4C261C337AC9005EF1E9 /* PBXTargetDependency */ = {
			isa = PBXTargetDependency;
			target = 924C4BFF1C337AC9005EF1E9 /* FastPropertyDemo1230 */;
			targetProxy = 924C4C251C337AC9005EF1E9 /* PBXContainerItemProxy */;
		};
/* End PBXTargetDependency section */

/* Begin PBXVariantGroup section */
		924C4C0C1C337AC9005EF1E9 /* Main.storyboard */ = {
			isa = PBXVariantGroup;
			children = (
				924C4C0D1C337AC9005EF1E9 /* Base */,
			);
			name = Main.storyboard;
			sourceTree = "<group>";
		};
		924C4C111C337AC9005EF1E9 /* LaunchScreen.storyboard */ = {
			isa = PBXVariantGroup;
			children = (
				924C4C121C337AC9005EF1E9 /* Base */,
			);
			name = LaunchScreen.storyboard;
			sourceTree = "<group>";
		};
/* End PBXVariantGroup section */

/* Begin XCBuildConfiguration section */
		924C4C2B1C337AC9005EF1E9 /* Debug */ = {
			isa = XCBuildConfiguration;
			buildSettings = {
				ALWAYS_SEARCH_USER_PATHS = NO;
				CLANG_CXX_LANGUAGE_STANDARD = "gnu++0x";
				CLANG_CXX_LIBRARY = "libc++";
				CLANG_ENABLE_MODULES = YES;
				CLANG_ENABLE_OBJC_ARC = YES;
				CLANG_WARN_BOOL_CONVERSION = YES;
				CLANG_WARN_CONSTANT_CONVERSION = YES;
				CLANG_WARN_DIRECT_OBJC_ISA_USAGE = YES_ERROR;
				CLANG_WARN_EMPTY_BODY = YES;
				CLANG_WARN_ENUM_CONVERSION = YES;
				CLANG_WARN_INT_CONVERSION = YES;
				CLANG_WARN_OBJC_ROOT_CLASS = YES_ERROR;
				CLANG_WARN_UNREACHABLE_CODE = YES;
				CLANG_WARN__DUPLICATE_METHOD_MATCH = YES;
				"CODE_SIGN_IDENTITY[sdk=iphoneos*]" = "iPhone Developer";
				COPY_PHASE_STRIP = NO;
				DEBUG_INFORMATION_FORMAT = dwarf;
				ENABLE_STRICT_OBJC_MSGSEND = YES;
				ENABLE_TESTABILITY = YES;
				GCC_C_LANGUAGE_STANDARD = gnu99;
				GCC_DYNAMIC_NO_PIC = NO;
				GCC_NO_COMMON_BLOCKS = YES;
				GCC_OPTIMIZATION_LEVEL = 0;
				GCC_PREPROCESSOR_DEFINITIONS = (
					"DEBUG=1",
					"$(inherited)",
				);
				GCC_WARN_64_TO_32_BIT_CONVERSION = YES;
				GCC_WARN_ABOUT_RETURN_TYPE = YES_ERROR;
				GCC_WARN_UNDECLARED_SELECTOR = YES;
				GCC_WARN_UNINITIALIZED_AUTOS = YES_AGGRESSIVE;
				GCC_WARN_UNUSED_FUNCTION = YES;
				GCC_WARN_UNUSED_VARIABLE = YES;
				IPHONEOS_DEPLOYMENT_TARGET = 9.1;
				MTL_ENABLE_DEBUG_INFO = YES;
				ONLY_ACTIVE_ARCH = YES;
				SDKROOT = iphoneos;
			};
			name = Debug;
		};
		924C4C2C1C337AC9005EF1E9 /* Release */ = {
			isa = XCBuildConfiguration;
			buildSettings = {
				ALWAYS_SEARCH_USER_PATHS = NO;
				CLANG_CXX_LANGUAGE_STANDARD = "gnu++0x";
				CLANG_CXX_LIBRARY = "libc++";
				CLANG_ENABLE_MODULES = YES;
				CLANG_ENABLE_OBJC_ARC = YES;
				CLANG_WARN_BOOL_CONVERSION = YES;
				CLANG_WARN_CONSTANT_CONVERSION = YES;
				CLANG_WARN_DIRECT_OBJC_ISA_USAGE = YES_ERROR;
				CLANG_WARN_EMPTY_BODY = YES;
				CLANG_WARN_ENUM_CONVERSION = YES;
				CLANG_WARN_INT_CONVERSION = YES;
				CLANG_WARN_OBJC_ROOT_CLASS = YES_ERROR;
				CLANG_WARN_UNREACHABLE_CODE = YES;
				CLANG_WARN__DUPLICATE_METHOD_MATCH = YES;
				"CODE_SIGN_IDENTITY[sdk=iphoneos*]" = "iPhone Developer";
				COPY_PHASE_STRIP = NO;
				DEBUG_INFORMATION_FORMAT = "dwarf-with-dsym";
				ENABLE_NS_ASSERTIONS = NO;
				ENABLE_STRICT_OBJC_MSGSEND = YES;
				GCC_C_LANGUAGE_STANDARD = gnu99;
				GCC_NO_COMMON_BLOCKS = YES;
				GCC_WARN_64_TO_32_BIT_CONVERSION = YES;
				GCC_WARN_ABOUT_RETURN_TYPE = YES_ERROR;
				GCC_WARN_UNDECLARED_SELECTOR = YES;
				GCC_WARN_UNINITIALIZED_AUTOS = YES_AGGRESSIVE;
				GCC_WARN_UNUSED_FUNCTION = YES;
				GCC_WARN_UNUSED_VARIABLE = YES;
				IPHONEOS_DEPLOYMENT_TARGET = 9.1;
				MTL_ENABLE_DEBUG_INFO = NO;
				SDKROOT = iphoneos;
				VALIDATE_PRODUCT = YES;
			};
			name = Release;
		};
		924C4C2E1C337AC9005EF1E9 /* Debug */ = {
			isa = XCBuildConfiguration;
			buildSettings = {
				ASSETCATALOG_COMPILER_APPICON_NAME = AppIcon;
				CLANG_ENABLE_OBJC_ARC = NO;
				INFOPLIST_FILE = FastPropertyDemo1230/Info.plist;
				LD_RUNPATH_SEARCH_PATHS = "$(inherited) @executable_path/Frameworks";
				PRODUCT_BUNDLE_IDENTIFIER = com.it.FastPropertyDemo1230;
				PRODUCT_NAME = "$(TARGET_NAME)";
			};
			name = Debug;
		};
		924C4C2F1C337AC9005EF1E9 /* Release */ = {
			isa = XCBuildConfiguration;
			buildSettings = {
				ASSETCATALOG_COMPILER_APPICON_NAME = AppIcon;
				CLANG_ENABLE_OBJC_ARC = NO;
				INFOPLIST_FILE = FastPropertyDemo1230/Info.plist;
				LD_RUNPATH_SEARCH_PATHS = "$(inherited) @executable_path/Frameworks";
				PRODUCT_BUNDLE_IDENTIFIER = com.it.FastPropertyDemo1230;
				PRODUCT_NAME = "$(TARGET_NAME)";
			};
			name = Release;
		};
		924C4C311C337AC9005EF1E9 /* Debug */ = {
			isa = XCBuildConfiguration;
			buildSettings = {
				BUNDLE_LOADER = "$(TEST_HOST)";
				INFOPLIST_FILE = FastPropertyDemo1230Tests/Info.plist;
				LD_RUNPATH_SEARCH_PATHS = "$(inherited) @executable_path/Frameworks @loader_path/Frameworks";
				PRODUCT_BUNDLE_IDENTIFIER = com.it.FastPropertyDemo1230Tests;
				PRODUCT_NAME = "$(TARGET_NAME)";
				TEST_HOST = "$(BUILT_PRODUCTS_DIR)/FastPropertyDemo1230.app/FastPropertyDemo1230";
			};
			name = Debug;
		};
		924C4C321C337AC9005EF1E9 /* Release */ = {
			isa = XCBuildConfiguration;
			buildSettings = {
				BUNDLE_LOADER = "$(TEST_HOST)";
				INFOPLIST_FILE = FastPropertyDemo1230Tests/Info.plist;
				LD_RUNPATH_SEARCH_PATHS = "$(inherited) @executable_path/Frameworks @loader_path/Frameworks";
				PRODUCT_BUNDLE_IDENTIFIER = com.it.FastPropertyDemo1230Tests;
				PRODUCT_NAME = "$(TARGET_NAME)";
				TEST_HOST = "$(BUILT_PRODUCTS_DIR)/FastPropertyDemo1230.app/FastPropertyDemo1230";
			};
			name = Release;
		};
		924C4C341C337AC9005EF1E9 /* Debug */ = {
			isa = XCBuildConfiguration;
			buildSettings = {
				INFOPLIST_FILE = FastPropertyDemo1230UITests/Info.plist;
				LD_RUNPATH_SEARCH_PATHS = "$(inherited) @executable_path/Frameworks @loader_path/Frameworks";
				PRODUCT_BUNDLE_IDENTIFIER = com.it.FastPropertyDemo1230UITests;
				PRODUCT_NAME = "$(TARGET_NAME)";
				TEST_TARGET_NAME = FastPropertyDemo1230;
				USES_XCTRUNNER = YES;
			};
			name = Debug;
		};
		924C4C351C337AC9005EF1E9 /* Release */ = {
			isa = XCBuildConfiguration;
			buildSettings = {
				INFOPLIST_FILE = FastPropertyDemo1230UITests/Info.plist;
				LD_RUNPATH_SEARCH_PATHS = "$(inherited) @executable_path/Frameworks @loader_path/Frameworks";
				PRODUCT_BUNDLE_IDENTIFIER = com.it.FastPropertyDemo1230UITests;
				PRODUCT_NAME = "$(TARGET_NAME)";
				TEST_TARGET_NAME = FastPropertyDemo1230;
				USES_XCTRUNNER = YES;
			};
			name = Release;
		};
/* End XCBuildConfiguration section */

/* Begin XCConfigurationList section */
		924C4BFB1C337AC9005EF1E9 /* Build configuration list for PBXProject "FastPropertyDemo1230" */ = {
			isa = XCConfigurationList;
			buildConfigurations = (
				924C4C2B1C337AC9005EF1E9 /* Debug */,
				924C4C2C1C337AC9005EF1E9 /* Release */,
			);
			defaultConfigurationIsVisible = 0;
			defaultConfigurationName = Release;
		};
		924C4C2D1C337AC9005EF1E9 /* Build configuration list for PBXNativeTarget "FastPropertyDemo1230" */ = {
			isa = XCConfigurationList;
			buildConfigurations = (
				924C4C2E1C337AC9005EF1E9 /* Debug */,
				924C4C2F1C337AC9005EF1E9 /* Release */,
			);
			defaultConfigurationIsVisible = 0;
		};
		924C4C301C337AC9005EF1E9 /* Build configuration list for PBXNativeTarget "FastPropertyDemo1230Tests" */ = {
			isa = XCConfigurationList;
			buildConfigurations = (
				924C4C311C337AC9005EF1E9 /* Debug */,
				924C4C321C337AC9005EF1E9 /* Release */,
			);
			defaultConfigurationIsVisible = 0;
		};
		924C4C331C337AC9005EF1E9 /* Build configuration list for PBXNativeTarget "FastPropertyDemo1230UITests" */ = {
			isa = XCConfigurationList;
			buildConfigurations = (
				924C4C341C337AC9005EF1E9 /* Debug */,
				924C4C351C337AC9005EF1E9 /* Release */,
			);
			defaultConfigurationIsVisible = 0;
		};
/* End XCConfigurationList section */
	};
	rootObject = 924C4BF81C337AC9005EF1E9 /* Project object */;
}
