// !$*UTF8*$!
{
	archiveVersion = 1;
	classes = {
	};
	objectVersion = 46;
	objects = {

/* Begin PBXBuildFile section */
		92237AF11C33AF78006411EA /* main.m in Sources */ = {isa = PBXBuildFile; fileRef = 92237AF01C33AF78006411EA /* main.m */; };
		92237AF41C33AF78006411EA /* AppDelegate.m in Sources */ = {isa = PBXBuildFile; fileRef = 92237AF31C33AF78006411EA /* AppDelegate.m */; };
		92237AF71C33AF78006411EA /* ViewController.m in Sources */ = {isa = PBXBuildFile; fileRef = 92237AF61C33AF78006411EA /* ViewController.m */; };
		92237AFA1C33AF78006411EA /* Main.storyboard in Resources */ = {isa = PBXBuildFile; fileRef = 92237AF81C33AF78006411EA /* Main.storyboard */; };
		92237AFC1C33AF78006411EA /* Assets.xcassets in Resources */ = {isa = PBXBuildFile; fileRef = 92237AFB1C33AF78006411EA /* Assets.xcassets */; };
		92237AFF1C33AF78006411EA /* LaunchScreen.storyboard in Resources */ = {isa = PBXBuildFile; fileRef = 92237AFD1C33AF78006411EA /* LaunchScreen.storyboard */; };
		92237B0A1C33AF78006411EA /* ITHTTPRequestDemo1230Tests.m in Sources */ = {isa = PBXBuildFile; fileRef = 92237B091C33AF78006411EA /* ITHTTPRequestDemo1230Tests.m */; };
		92237B151C33AF78006411EA /* ITHTTPRequestDemo1230UITests.m in Sources */ = {isa = PBXBuildFile; fileRef = 92237B141C33AF78006411EA /* ITHTTPRequestDemo1230UITests.m */; };
		92237B241C33B023006411EA /* ITHttpRequest.m in Sources */ = {isa = PBXBuildFile; fileRef = 92237B231C33B023006411EA /* ITHttpRequest.m */; };
/* End PBXBuildFile section */

/* Begin PBXContainerItemProxy section */
		92237B061C33AF78006411EA /* PBXContainerItemProxy */ = {
			isa = PBXContainerItemProxy;
			containerPortal = 92237AE41C33AF78006411EA /* Project object */;
			proxyType = 1;
			remoteGlobalIDString = 92237AEB1C33AF78006411EA;
			remoteInfo = ITHTTPRequestDemo1230;
		};
		92237B111C33AF78006411EA /* PBXContainerItemProxy */ = {
			isa = PBXContainerItemProxy;
			containerPortal = 92237AE41C33AF78006411EA /* Project object */;
			proxyType = 1;
			remoteGlobalIDString = 92237AEB1C33AF78006411EA;
			remoteInfo = ITHTTPRequestDemo1230;
		};
/* End PBXContainerItemProxy section */

/* Begin PBXFileReference section */
		92237AEC1C33AF78006411EA /* ITHTTPRequestDemo1230.app */ = {isa = PBXFileReference; explicitFileType = wrapper.application; includeInIndex = 0; path = ITHTTPRequestDemo1230.app; sourceTree = BUILT_PRODUCTS_DIR; };
		92237AF01C33AF78006411EA /* main.m */ = {isa = PBXFileReference; lastKnownFileType = sourcecode.c.objc; path = main.m; sourceTree = "<group>"; };
		92237AF21C33AF78006411EA /* AppDelegate.h */ = {isa = PBXFileReference; lastKnownFileType = sourcecode.c.h; path = AppDelegate.h; sourceTree = "<group>"; };
		92237AF31C33AF78006411EA /* AppDelegate.m */ = {isa = PBXFileReference; lastKnownFileType = sourcecode.c.objc; path = AppDelegate.m; sourceTree = "<group>"; };
		92237AF51C33AF78006411EA /* ViewController.h */ = {isa = PBXFileReference; lastKnownFileType = sourcecode.c.h; path = ViewController.h; sourceTree = "<group>"; };
		92237AF61C33AF78006411EA /* ViewController.m */ = {isa = PBXFileReference; lastKnownFileType = sourcecode.c.objc; path = ViewController.m; sourceTree = "<group>"; };
		92237AF91C33AF78006411EA /* Base */ = {isa = PBXFileReference; lastKnownFileType = file.storyboard; name = Base; path = Base.lproj/Main.storyboard; sourceTree = "<group>"; };
		92237AFB1C33AF78006411EA /* Assets.xcassets */ = {isa = PBXFileReference; lastKnownFileType = folder.assetcatalog; path = Assets.xcassets; sourceTree = "<group>"; };
		92237AFE1C33AF78006411EA /* Base */ = {isa = PBXFileReference; lastKnownFileType = file.storyboard; name = Base; path = Base.lproj/LaunchScreen.storyboard; sourceTree = "<group>"; };
		92237B001C33AF78006411EA /* Info.plist */ = {isa = PBXFileReference; lastKnownFileType = text.plist.xml; path = Info.plist; sourceTree = "<group>"; };
		92237B051C33AF78006411EA /* ITHTTPRequestDemo1230Tests.xctest */ = {isa = PBXFileReference; explicitFileType = wrapper.cfbundle; includeInIndex = 0; path = ITHTTPRequestDemo1230Tests.xctest; sourceTree = BUILT_PRODUCTS_DIR; };
		92237B091C33AF78006411EA /* ITHTTPRequestDemo1230Tests.m */ = {isa = PBXFileReference; lastKnownFileType = sourcecode.c.objc; path = ITHTTPRequestDemo1230Tests.m; sourceTree = "<group>"; };
		92237B0B1C33AF78006411EA /* Info.plist */ = {isa = PBXFileReference; lastKnownFileType = text.plist.xml; path = Info.plist; sourceTree = "<group>"; };
		92237B101C33AF78006411EA /* ITHTTPRequestDemo1230UITests.xctest */ = {isa = PBXFileReference; explicitFileType = wrapper.cfbundle; includeInIndex = 0; path = ITHTTPRequestDemo1230UITests.xctest; sourceTree = BUILT_PRODUCTS_DIR; };
		92237B141C33AF78006411EA /* ITHTTPRequestDemo1230UITests.m */ = {isa = PBXFileReference; lastKnownFileType = sourcecode.c.objc; path = ITHTTPRequestDemo1230UITests.m; sourceTree = "<group>"; };
		92237B161C33AF78006411EA /* Info.plist */ = {isa = PBXFileReference; lastKnownFileType = text.plist.xml; path = Info.plist; sourceTree = "<group>"; };
		92237B221C33B023006411EA /* ITHttpRequest.h */ = {isa = PBXFileReference; fileEncoding = 4; lastKnownFileType = sourcecode.c.h; path = ITHttpRequest.h; sourceTree = "<group>"; };
		92237B231C33B023006411EA /* ITHttpRequest.m */ = {isa = PBXFileReference; fileEncoding = 4; lastKnownFileType = sourcecode.c.objc; path = ITHttpRequest.m; sourceTree = "<group>"; };
/* End PBXFileReference section */

/* Begin PBXFrameworksBuildPhase section */
		92237AE91C33AF78006411EA /* Frameworks */ = {
			isa = PBXFrameworksBuildPhase;
			buildActionMask = 2147483647;
			files = (
			);
			runOnlyForDeploymentPostprocessing = 0;
		};
		92237B021C33AF78006411EA /* Frameworks */ = {
			isa = PBXFrameworksBuildPhase;
			buildActionMask = 2147483647;
			files = (
			);
			runOnlyForDeploymentPostprocessing = 0;
		};
		92237B0D1C33AF78006411EA /* Frameworks */ = {
			isa = PBXFrameworksBuildPhase;
			buildActionMask = 2147483647;
			files = (
			);
			runOnlyForDeploymentPostprocessing = 0;
		};
/* End PBXFrameworksBuildPhase section */

/* Begin PBXGroup section */
		92237AE31C33AF78006411EA = {
			isa = PBXGroup;
			children = (
				92237AEE1C33AF78006411EA /* ITHTTPRequestDemo1230 */,
				92237B081C33AF78006411EA /* ITHTTPRequestDemo1230Tests */,
				92237B131C33AF78006411EA /* ITHTTPRequestDemo1230UITests */,
				92237AED1C33AF78006411EA /* Products */,
			);
			sourceTree = "<group>";
		};
		92237AED1C33AF78006411EA /* Products */ = {
			isa = PBXGroup;
			children = (
				92237AEC1C33AF78006411EA /* ITHTTPRequestDemo1230.app */,
				92237B051C33AF78006411EA /* ITHTTPRequestDemo1230Tests.xctest */,
				92237B101C33AF78006411EA /* ITHTTPRequestDemo1230UITests.xctest */,
			);
			name = Products;
			sourceTree = "<group>";
		};
		92237AEE1C33AF78006411EA /* ITHTTPRequestDemo1230 */ = {
			isa = PBXGroup;
			children = (
				92237B221C33B023006411EA /* ITHttpRequest.h */,
				92237B231C33B023006411EA /* ITHttpRequest.m */,
				92237AF21C33AF78006411EA /* AppDelegate.h */,
				92237AF31C33AF78006411EA /* AppDelegate.m */,
				92237AF51C33AF78006411EA /* ViewController.h */,
				92237AF61C33AF78006411EA /* ViewController.m */,
				92237AF81C33AF78006411EA /* Main.storyboard */,
				92237AFB1C33AF78006411EA /* Assets.xcassets */,
				92237AFD1C33AF78006411EA /* LaunchScreen.storyboard */,
				92237B001C33AF78006411EA /* Info.plist */,
				92237AEF1C33AF78006411EA /* Supporting Files */,
			);
			path = ITHTTPRequestDemo1230;
			sourceTree = "<group>";
		};
		92237AEF1C33AF78006411EA /* Supporting Files */ = {
			isa = PBXGroup;
			children = (
				92237AF01C33AF78006411EA /* main.m */,
			);
			name = "Supporting Files";
			sourceTree = "<group>";
		};
		92237B081C33AF78006411EA /* ITHTTPRequestDemo1230Tests */ = {
			isa = PBXGroup;
			children = (
				92237B091C33AF78006411EA /* ITHTTPRequestDemo1230Tests.m */,
				92237B0B1C33AF78006411EA /* Info.plist */,
			);
			path = ITHTTPRequestDemo1230Tests;
			sourceTree = "<group>";
		};
		92237B131C33AF78006411EA /* ITHTTPRequestDemo1230UITests */ = {
			isa = PBXGroup;
			children = (
				92237B141C33AF78006411EA /* ITHTTPRequestDemo1230UITests.m */,
				92237B161C33AF78006411EA /* Info.plist */,
			);
			path = ITHTTPRequestDemo1230UITests;
			sourceTree = "<group>";
		};
/* End PBXGroup section */

/* Begin PBXNativeTarget section */
		92237AEB1C33AF78006411EA /* ITHTTPRequestDemo1230 */ = {
			isa = PBXNativeTarget;
			buildConfigurationList = 92237B191C33AF78006411EA /* Build configuration list for PBXNativeTarget "ITHTTPRequestDemo1230" */;
			buildPhases = (
				92237AE81C33AF78006411EA /* Sources */,
				92237AE91C33AF78006411EA /* Frameworks */,
				92237AEA1C33AF78006411EA /* Resources */,
			);
			buildRules = (
			);
			dependencies = (
			);
			name = ITHTTPRequestDemo1230;
			productName = ITHTTPRequestDemo1230;
			productReference = 92237AEC1C33AF78006411EA /* ITHTTPRequestDemo1230.app */;
			productType = "com.apple.product-type.application";
		};
		92237B041C33AF78006411EA /* ITHTTPRequestDemo1230Tests */ = {
			isa = PBXNativeTarget;
			buildConfigurationList = 92237B1C1C33AF78006411EA /* Build configuration list for PBXNativeTarget "ITHTTPRequestDemo1230Tests" */;
			buildPhases = (
				92237B011C33AF78006411EA /* Sources */,
				92237B021C33AF78006411EA /* Frameworks */,
				92237B031C33AF78006411EA /* Resources */,
			);
			buildRules = (
			);
			dependencies = (
				92237B071C33AF78006411EA /* PBXTargetDependency */,
			);
			name = ITHTTPRequestDemo1230Tests;
			productName = ITHTTPRequestDemo1230Tests;
			productReference = 92237B051C33AF78006411EA /* ITHTTPRequestDemo1230Tests.xctest */;
			productType = "com.apple.product-type.bundle.unit-test";
		};
		92237B0F1C33AF78006411EA /* ITHTTPRequestDemo1230UITests */ = {
			isa = PBXNativeTarget;
			buildConfigurationList = 92237B1F1C33AF78006411EA /* Build configuration list for PBXNativeTarget "ITHTTPRequestDemo1230UITests" */;
			buildPhases = (
				92237B0C1C33AF78006411EA /* Sources */,
				92237B0D1C33AF78006411EA /* Frameworks */,
				92237B0E1C33AF78006411EA /* Resources */,
			);
			buildRules = (
			);
			dependencies = (
				92237B121C33AF78006411EA /* PBXTargetDependency */,
			);
			name = ITHTTPRequestDemo1230UITests;
			productName = ITHTTPRequestDemo1230UITests;
			productReference = 92237B101C33AF78006411EA /* ITHTTPRequestDemo1230UITests.xctest */;
			productType = "com.apple.product-type.bundle.ui-testing";
		};
/* End PBXNativeTarget section */

/* Begin PBXProject section */
		92237AE41C33AF78006411EA /* Project object */ = {
			isa = PBXProject;
			attributes = {
				LastUpgradeCheck = 0710;
				ORGANIZATIONNAME = IT;
				TargetAttributes = {
					92237AEB1C33AF78006411EA = {
						CreatedOnToolsVersion = 7.1.1;
					};
					92237B041C33AF78006411EA = {
						CreatedOnToolsVersion = 7.1.1;
						TestTargetID = 92237AEB1C33AF78006411EA;
					};
					92237B0F1C33AF78006411EA = {
						CreatedOnToolsVersion = 7.1.1;
						TestTargetID = 92237AEB1C33AF78006411EA;
					};
				};
			};
			buildConfigurationList = 92237AE71C33AF78006411EA /* Build configuration list for PBXProject "ITHTTPRequestDemo1230" */;
			compatibilityVersion = "Xcode 3.2";
			developmentRegion = English;
			hasScannedForEncodings = 0;
			knownRegions = (
				en,
				Base,
			);
			mainGroup = 92237AE31C33AF78006411EA;
			productRefGroup = 92237AED1C33AF78006411EA /* Products */;
			projectDirPath = "";
			projectRoot = "";
			targets = (
				92237AEB1C33AF78006411EA /* ITHTTPRequestDemo1230 */,
				92237B041C33AF78006411EA /* ITHTTPRequestDemo1230Tests */,
				92237B0F1C33AF78006411EA /* ITHTTPRequestDemo1230UITests */,
			);
		};
/* End PBXProject section */

/* Begin PBXResourcesBuildPhase section */
		92237AEA1C33AF78006411EA /* Resources */ = {
			isa = PBXResourcesBuildPhase;
			buildActionMask = 2147483647;
			files = (
				92237AFF1C33AF78006411EA /* LaunchScreen.storyboard in Resources */,
				92237AFC1C33AF78006411EA /* Assets.xcassets in Resources */,
				92237AFA1C33AF78006411EA /* Main.storyboard in Resources */,
			);
			runOnlyForDeploymentPostprocessing = 0;
		};
		92237B031C33AF78006411EA /* Resources */ = {
			isa = PBXResourcesBuildPhase;
			buildActionMask = 2147483647;
			files = (
			);
			runOnlyForDeploymentPostprocessing = 0;
		};
		92237B0E1C33AF78006411EA /* Resources */ = {
			isa = PBXResourcesBuildPhase;
			buildActionMask = 2147483647;
			files = (
			);
			runOnlyForDeploymentPostprocessing = 0;
		};
/* End PBXResourcesBuildPhase section */

/* Begin PBXSourcesBuildPhase section */
		92237AE81C33AF78006411EA /* Sources */ = {
			isa = PBXSourcesBuildPhase;
			buildActionMask = 2147483647;
			files = (
				92237B241C33B023006411EA /* ITHttpRequest.m in Sources */,
				92237AF71C33AF78006411EA /* ViewController.m in Sources */,
				92237AF41C33AF78006411EA /* AppDelegate.m in Sources */,
				92237AF11C33AF78006411EA /* main.m in Sources */,
			);
			runOnlyForDeploymentPostprocessing = 0;
		};
		92237B011C33AF78006411EA /* Sources */ = {
			isa = PBXSourcesBuildPhase;
			buildActionMask = 2147483647;
			files = (
				92237B0A1C33AF78006411EA /* ITHTTPRequestDemo1230Tests.m in Sources */,
			);
			runOnlyForDeploymentPostprocessing = 0;
		};
		92237B0C1C33AF78006411EA /* Sources */ = {
			isa = PBXSourcesBuildPhase;
			buildActionMask = 2147483647;
			files = (
				92237B151C33AF78006411EA /* ITHTTPRequestDemo1230UITests.m in Sources */,
			);
			runOnlyForDeploymentPostprocessing = 0;
		};
/* End PBXSourcesBuildPhase section */

/* Begin PBXTargetDependency section */
		92237B071C33AF78006411EA /* PBXTargetDependency */ = {
			isa = PBXTargetDependency;
			target = 92237AEB1C33AF78006411EA /* ITHTTPRequestDemo1230 */;
			targetProxy = 92237B061C33AF78006411EA /* PBXContainerItemProxy */;
		};
		92237B121C33AF78006411EA /* PBXTargetDependency */ = {
			isa = PBXTargetDependency;
			target = 92237AEB1C33AF78006411EA /* ITHTTPRequestDemo1230 */;
			targetProxy = 92237B111C33AF78006411EA /* PBXContainerItemProxy */;
		};
/* End PBXTargetDependency section */

/* Begin PBXVariantGroup section */
		92237AF81C33AF78006411EA /* Main.storyboard */ = {
			isa = PBXVariantGroup;
			children = (
				92237AF91C33AF78006411EA /* Base */,
			);
			name = Main.storyboard;
			sourceTree = "<group>";
		};
		92237AFD1C33AF78006411EA /* LaunchScreen.storyboard */ = {
			isa = PBXVariantGroup;
			children = (
				92237AFE1C33AF78006411EA /* Base */,
			);
			name = LaunchScreen.storyboard;
			sourceTree = "<group>";
		};
/* End PBXVariantGroup section */

/* Begin XCBuildConfiguration section */
		92237B171C33AF78006411EA /* Debug */ = {
			isa = XCBuildConfiguration;
			buildSettings = {
				ALWAYS_SEARCH_USER_PATHS = NO;
				CLANG_CXX_LANGUAGE_STANDARD = "gnu++0x";
				CLANG_CXX_LIBRARY = "libc++";
				CLANG_ENABLE_MODULES = YES;
				CLANG_ENABLE_OBJC_ARC = YES;
				CLANG_WARN_BOOL_CONVERSION = YES;
				CLANG_WARN_CONSTANT_CONVERSION = YES;
				CLANG_WARN_DIRECT_OBJC_ISA_USAGE = YES_ERROR;
				CLANG_WARN_EMPTY_BODY = YES;
				CLANG_WARN_ENUM_CONVERSION = YES;
				CLANG_WARN_INT_CONVERSION = YES;
				CLANG_WARN_OBJC_ROOT_CLASS = YES_ERROR;
				CLANG_WARN_UNREACHABLE_CODE = YES;
				CLANG_WARN__DUPLICATE_METHOD_MATCH = YES;
				"CODE_SIGN_IDENTITY[sdk=iphoneos*]" = "iPhone Developer";
				COPY_PHASE_STRIP = NO;
				DEBUG_INFORMATION_FORMAT = dwarf;
				ENABLE_STRICT_OBJC_MSGSEND = YES;
				ENABLE_TESTABILITY = YES;
				GCC_C_LANGUAGE_STANDARD = gnu99;
				GCC_DYNAMIC_NO_PIC = NO;
				GCC_NO_COMMON_BLOCKS = YES;
				GCC_OPTIMIZATION_LEVEL = 0;
				GCC_PREPROCESSOR_DEFINITIONS = (
					"DEBUG=1",
					"$(inherited)",
				);
				GCC_WARN_64_TO_32_BIT_CONVERSION = YES;
				GCC_WARN_ABOUT_RETURN_TYPE = YES_ERROR;
				GCC_WARN_UNDECLARED_SELECTOR = YES;
				GCC_WARN_UNINITIALIZED_AUTOS = YES_AGGRESSIVE;
				GCC_WARN_UNUSED_FUNCTION = YES;
				GCC_WARN_UNUSED_VARIABLE = YES;
				IPHONEOS_DEPLOYMENT_TARGET = 9.1;
				MTL_ENABLE_DEBUG_INFO = YES;
				ONLY_ACTIVE_ARCH = YES;
				SDKROOT = iphoneos;
			};
			name = Debug;
		};
		92237B181C33AF78006411EA /* Release */ = {
			isa = XCBuildConfiguration;
			buildSettings = {
				ALWAYS_SEARCH_USER_PATHS = NO;
				CLANG_CXX_LANGUAGE_STANDARD = "gnu++0x";
				CLANG_CXX_LIBRARY = "libc++";
				CLANG_ENABLE_MODULES = YES;
				CLANG_ENABLE_OBJC_ARC = YES;
				CLANG_WARN_BOOL_CONVERSION = YES;
				CLANG_WARN_CONSTANT_CONVERSION = YES;
				CLANG_WARN_DIRECT_OBJC_ISA_USAGE = YES_ERROR;
				CLANG_WARN_EMPTY_BODY = YES;
				CLANG_WARN_ENUM_CONVERSION = YES;
				CLANG_WARN_INT_CONVERSION = YES;
				CLANG_WARN_OBJC_ROOT_CLASS = YES_ERROR;
				CLANG_WARN_UNREACHABLE_CODE = YES;
				CLANG_WARN__DUPLICATE_METHOD_MATCH = YES;
				"CODE_SIGN_IDENTITY[sdk=iphoneos*]" = "iPhone Developer";
				COPY_PHASE_STRIP = NO;
				DEBUG_INFORMATION_FORMAT = "dwarf-with-dsym";
				ENABLE_NS_ASSERTIONS = NO;
				ENABLE_STRICT_OBJC_MSGSEND = YES;
				GCC_C_LANGUAGE_STANDARD = gnu99;
				GCC_NO_COMMON_BLOCKS = YES;
				GCC_WARN_64_TO_32_BIT_CONVERSION = YES;
				GCC_WARN_ABOUT_RETURN_TYPE = YES_ERROR;
				GCC_WARN_UNDECLARED_SELECTOR = YES;
				GCC_WARN_UNINITIALIZED_AUTOS = YES_AGGRESSIVE;
				GCC_WARN_UNUSED_FUNCTION = YES;
				GCC_WARN_UNUSED_VARIABLE = YES;
				IPHONEOS_DEPLOYMENT_TARGET = 9.1;
				MTL_ENABLE_DEBUG_INFO = NO;
				SDKROOT = iphoneos;
				VALIDATE_PRODUCT = YES;
			};
			name = Release;
		};
		92237B1A1C33AF78006411EA /* Debug */ = {
			isa = XCBuildConfiguration;
			buildSettings = {
				ASSETCATALOG_COMPILER_APPICON_NAME = AppIcon;
				CLANG_ENABLE_OBJC_ARC = NO;
				INFOPLIST_FILE = ITHTTPRequestDemo1230/Info.plist;
				LD_RUNPATH_SEARCH_PATHS = "$(inherited) @executable_path/Frameworks";
				PRODUCT_BUNDLE_IDENTIFIER = com.it.ITHTTPRequestDemo1230;
				PRODUCT_NAME = "$(TARGET_NAME)";
			};
			name = Debug;
		};
		92237B1B1C33AF78006411EA /* Release */ = {
			isa = XCBuildConfiguration;
			buildSettings = {
				ASSETCATALOG_COMPILER_APPICON_NAME = AppIcon;
				CLANG_ENABLE_OBJC_ARC = NO;
				INFOPLIST_FILE = ITHTTPRequestDemo1230/Info.plist;
				LD_RUNPATH_SEARCH_PATHS = "$(inherited) @executable_path/Frameworks";
				PRODUCT_BUNDLE_IDENTIFIER = com.it.ITHTTPRequestDemo1230;
				PRODUCT_NAME = "$(TARGET_NAME)";
			};
			name = Release;
		};
		92237B1D1C33AF78006411EA /* Debug */ = {
			isa = XCBuildConfiguration;
			buildSettings = {
				BUNDLE_LOADER = "$(TEST_HOST)";
				INFOPLIST_FILE = ITHTTPRequestDemo1230Tests/Info.plist;
				LD_RUNPATH_SEARCH_PATHS = "$(inherited) @executable_path/Frameworks @loader_path/Frameworks";
				PRODUCT_BUNDLE_IDENTIFIER = com.it.ITHTTPRequestDemo1230Tests;
				PRODUCT_NAME = "$(TARGET_NAME)";
				TEST_HOST = "$(BUILT_PRODUCTS_DIR)/ITHTTPRequestDemo1230.app/ITHTTPRequestDemo1230";
			};
			name = Debug;
		};
		92237B1E1C33AF78006411EA /* Release */ = {
			isa = XCBuildConfiguration;
			buildSettings = {
				BUNDLE_LOADER = "$(TEST_HOST)";
				INFOPLIST_FILE = ITHTTPRequestDemo1230Tests/Info.plist;
				LD_RUNPATH_SEARCH_PATHS = "$(inherited) @executable_path/Frameworks @loader_path/Frameworks";
				PRODUCT_BUNDLE_IDENTIFIER = com.it.ITHTTPRequestDemo1230Tests;
				PRODUCT_NAME = "$(TARGET_NAME)";
				TEST_HOST = "$(BUILT_PRODUCTS_DIR)/ITHTTPRequestDemo1230.app/ITHTTPRequestDemo1230";
			};
			name = Release;
		};
		92237B201C33AF78006411EA /* Debug */ = {
			isa = XCBuildConfiguration;
			buildSettings = {
				INFOPLIST_FILE = ITHTTPRequestDemo1230UITests/Info.plist;
				LD_RUNPATH_SEARCH_PATHS = "$(inherited) @executable_path/Frameworks @loader_path/Frameworks";
				PRODUCT_BUNDLE_IDENTIFIER = com.it.ITHTTPRequestDemo1230UITests;
				PRODUCT_NAME = "$(TARGET_NAME)";
				TEST_TARGET_NAME = ITHTTPRequestDemo1230;
				USES_XCTRUNNER = YES;
			};
			name = Debug;
		};
		92237B211C33AF78006411EA /* Release */ = {
			isa = XCBuildConfiguration;
			buildSettings = {
				INFOPLIST_FILE = ITHTTPRequestDemo1230UITests/Info.plist;
				LD_RUNPATH_SEARCH_PATHS = "$(inherited) @executable_path/Frameworks @loader_path/Frameworks";
				PRODUCT_BUNDLE_IDENTIFIER = com.it.ITHTTPRequestDemo1230UITests;
				PRODUCT_NAME = "$(TARGET_NAME)";
				TEST_TARGET_NAME = ITHTTPRequestDemo1230;
				USES_XCTRUNNER = YES;
			};
			name = Release;
		};
/* End XCBuildConfiguration section */

/* Begin XCConfigurationList section */
		92237AE71C33AF78006411EA /* Build configuration list for PBXProject "ITHTTPRequestDemo1230" */ = {
			isa = XCConfigurationList;
			buildConfigurations = (
				92237B171C33AF78006411EA /* Debug */,
				92237B181C33AF78006411EA /* Release */,
			);
			defaultConfigurationIsVisible = 0;
			defaultConfigurationName = Release;
		};
		92237B191C33AF78006411EA /* Build configuration list for PBXNativeTarget "ITHTTPRequestDemo1230" */ = {
			isa = XCConfigurationList;
			buildConfigurations = (
				92237B1A1C33AF78006411EA /* Debug */,
				92237B1B1C33AF78006411EA /* Release */,
			);
			defaultConfigurationIsVisible = 0;
		};
		92237B1C1C33AF78006411EA /* Build configuration list for PBXNativeTarget "ITHTTPRequestDemo1230Tests" */ = {
			isa = XCConfigurationList;
			buildConfigurations = (
				92237B1D1C33AF78006411EA /* Debug */,
				92237B1E1C33AF78006411EA /* Release */,
			);
			defaultConfigurationIsVisible = 0;
		};
		92237B1F1C33AF78006411EA /* Build configuration list for PBXNativeTarget "ITHTTPRequestDemo1230UITests" */ = {
			isa = XCConfigurationList;
			buildConfigurations = (
				92237B201C33AF78006411EA /* Debug */,
				92237B211C33AF78006411EA /* Release */,
			);
			defaultConfigurationIsVisible = 0;
		};
/* End XCConfigurationList section */
	};
	rootObject = 92237AE41C33AF78006411EA /* Project object */;
}
